
Microsoft Visual Studio Solution File, Format Version 12.00
# Visual Studio Version 17
VisualStudioVersion = 17.7.34031.279
MinimumVisualStudioVersion = 10.0.40219.1
Project("{FAE04EC0-301F-11D3-BF4B-00C04F79EFBC}") = "AutoCAD_Plugin-Bottle.Model", "AutoCAD_Plugin-Bottle.Model\AutoCAD_Plugin-Bottle.Model.csproj", "{8D600F69-A583-4B37-90EA-9EC3590CE377}"
EndProject
Project("{FAE04EC0-301F-11D3-BF4B-00C04F79EFBC}") = "AutoCAD_Plugin-Bottle.Connector", "AutoCAD_Plugin-Bottle.Connector\AutoCAD_Plugin-Bottle.Connector.csproj", "{81BF8B4F-9FA6-4D0C-926B-7749975C3988}"
EndProject
Project("{FAE04EC0-301F-11D3-BF4B-00C04F79EFBC}") = "AutoCAD_Plugin-Bottle.View", "AutoCAD_Plugin-Bottle.View\AutoCAD_Plugin-Bottle.View\AutoCAD_Plugin-Bottle.View.csproj", "{55173750-D87F-4E49-8CFC-DDE95587DEA2}"
EndProject
Global
	GlobalSection(SolutionConfigurationPlatforms) = preSolution
		Debug|Any CPU = Debug|Any CPU
		Release|Any CPU = Release|Any CPU
	EndGlobalSection
	GlobalSection(ProjectConfigurationPlatforms) = postSolution
		{8D600F69-A583-4B37-90EA-9EC3590CE377}.Debug|Any CPU.ActiveCfg = Debug|Any CPU
		{8D600F69-A583-4B37-90EA-9EC3590CE377}.Debug|Any CPU.Build.0 = Debug|Any CPU
		{8D600F69-A583-4B37-90EA-9EC3590CE377}.Release|Any CPU.ActiveCfg = Release|Any CPU
		{8D600F69-A583-4B37-90EA-9EC3590CE377}.Release|Any CPU.Build.0 = Release|Any CPU
		{81BF8B4F-9FA6-4D0C-926B-7749975C3988}.Debug|Any CPU.ActiveCfg = Debug|Any CPU
		{81BF8B4F-9FA6-4D0C-926B-7749975C3988}.Debug|Any CPU.Build.0 = Debug|Any CPU
		{81BF8B4F-9FA6-4D0C-926B-7749975C3988}.Release|Any CPU.ActiveCfg = Release|Any CPU
		{81BF8B4F-9FA6-4D0C-926B-7749975C3988}.Release|Any CPU.Build.0 = Release|Any CPU
		{55173750-D87F-4E49-8CFC-DDE95587DEA2}.Debug|Any CPU.ActiveCfg = Debug|Any CPU
		{55173750-D87F-4E49-8CFC-DDE95587DEA2}.Debug|Any CPU.Build.0 = Debug|Any CPU
		{55173750-D87F-4E49-8CFC-DDE95587DEA2}.Release|Any CPU.ActiveCfg = Release|Any CPU
		{55173750-D87F-4E49-8CFC-DDE95587DEA2}.Release|Any CPU.Build.0 = Release|Any CPU
	EndGlobalSection
	GlobalSection(SolutionProperties) = preSolution
		HideSolutionNode = FALSE
	EndGlobalSection
	GlobalSection(ExtensibilityGlobals) = postSolution
		SolutionGuid = {6FB1433F-C9E1-405E-8812-3E213D22D32A}
	EndGlobalSection
EndGlobal
